// !$*UTF8*$!
{
	archiveVersion = 1;
	classes = {
	};
	objectVersion = 50;
	objects = {

/* Begin PBXBuildFile section */
		C59F8DF522C33CE0008E88FE /* AppDelegate.swift in Sources */ = {isa = PBXBuildFile; fileRef = C59F8DF422C33CE0008E88FE /* AppDelegate.swift */; };
		C59F8DF722C33CE0008E88FE /* ViewController.swift in Sources */ = {isa = PBXBuildFile; fileRef = C59F8DF622C33CE0008E88FE /* ViewController.swift */; };
		C59F8DFA22C33CE0008E88FE /* Main.storyboard in Resources */ = {isa = PBXBuildFile; fileRef = C59F8DF822C33CE0008E88FE /* Main.storyboard */; };
		C59F8DFC22C33CE2008E88FE /* Assets.xcassets in Resources */ = {isa = PBXBuildFile; fileRef = C59F8DFB22C33CE2008E88FE /* Assets.xcassets */; };
		C59F8DFF22C33CE2008E88FE /* LaunchScreen.storyboard in Resources */ = {isa = PBXBuildFile; fileRef = C59F8DFD22C33CE2008E88FE /* LaunchScreen.storyboard */; };
		C59F8E0A22C33CE2008E88FE /* ios_test_appTests.swift in Sources */ = {isa = PBXBuildFile; fileRef = C59F8E0922C33CE2008E88FE /* ios_test_appTests.swift */; };
		C59F8E1522C33CE2008E88FE /* ios_test_appUITests.swift in Sources */ = {isa = PBXBuildFile; fileRef = C59F8E1422C33CE2008E88FE /* ios_test_appUITests.swift */; };
/* End PBXBuildFile section */

/* Begin PBXContainerItemProxy section */
		C59F8E0622C33CE2008E88FE /* PBXContainerItemProxy */ = {
			isa = PBXContainerItemProxy;
			containerPortal = C59F8DE922C33CE0008E88FE /* Project object */;
			proxyType = 1;
			remoteGlobalIDString = C59F8DF022C33CE0008E88FE;
			remoteInfo = "ios-test-app";
		};
		C59F8E1122C33CE2008E88FE /* PBXContainerItemProxy */ = {
			isa = PBXContainerItemProxy;
			containerPortal = C59F8DE922C33CE0008E88FE /* Project object */;
			proxyType = 1;
			remoteGlobalIDString = C59F8DF022C33CE0008E88FE;
			remoteInfo = "ios-test-app";
		};
/* End PBXContainerItemProxy section */

/* Begin PBXFileReference section */
		C59F8DF122C33CE0008E88FE /* ios-test-app.app */ = {isa = PBXFileReference; explicitFileType = wrapper.application; includeInIndex = 0; path = "ios-test-app.app"; sourceTree = BUILT_PRODUCTS_DIR; };
		C59F8DF422C33CE0008E88FE /* AppDelegate.swift */ = {isa = PBXFileReference; lastKnownFileType = sourcecode.swift; path = AppDelegate.swift; sourceTree = "<group>"; };
		C59F8DF622C33CE0008E88FE /* ViewController.swift */ = {isa = PBXFileReference; lastKnownFileType = sourcecode.swift; path = ViewController.swift; sourceTree = "<group>"; };
		C59F8DF922C33CE0008E88FE /* Base */ = {isa = PBXFileReference; lastKnownFileType = file.storyboard; name = Base; path = Base.lproj/Main.storyboard; sourceTree = "<group>"; };
		C59F8DFB22C33CE2008E88FE /* Assets.xcassets */ = {isa = PBXFileReference; lastKnownFileType = folder.assetcatalog; path = Assets.xcassets; sourceTree = "<group>"; };
		C59F8DFE22C33CE2008E88FE /* Base */ = {isa = PBXFileReference; lastKnownFileType = file.storyboard; name = Base; path = Base.lproj/LaunchScreen.storyboard; sourceTree = "<group>"; };
		C59F8E0022C33CE2008E88FE /* Info.plist */ = {isa = PBXFileReference; lastKnownFileType = text.plist.xml; path = Info.plist; sourceTree = "<group>"; };
		C59F8E0522C33CE2008E88FE /* ios-test-appTests.xctest */ = {isa = PBXFileReference; explicitFileType = wrapper.cfbundle; includeInIndex = 0; path = "ios-test-appTests.xctest"; sourceTree = BUILT_PRODUCTS_DIR; };
		C59F8E0922C33CE2008E88FE /* ios_test_appTests.swift */ = {isa = PBXFileReference; lastKnownFileType = sourcecode.swift; path = ios_test_appTests.swift; sourceTree = "<group>"; };
		C59F8E0B22C33CE2008E88FE /* Info.plist */ = {isa = PBXFileReference; lastKnownFileType = text.plist.xml; path = Info.plist; sourceTree = "<group>"; };
		C59F8E1022C33CE2008E88FE /* ios-test-appUITests.xctest */ = {isa = PBXFileReference; explicitFileType = wrapper.cfbundle; includeInIndex = 0; path = "ios-test-appUITests.xctest"; sourceTree = BUILT_PRODUCTS_DIR; };
		C59F8E1422C33CE2008E88FE /* ios_test_appUITests.swift */ = {isa = PBXFileReference; lastKnownFileType = sourcecode.swift; path = ios_test_appUITests.swift; sourceTree = "<group>"; };
		C59F8E1622C33CE2008E88FE /* Info.plist */ = {isa = PBXFileReference; lastKnownFileType = text.plist.xml; path = Info.plist; sourceTree = "<group>"; };
/* End PBXFileReference section */

/* Begin PBXFrameworksBuildPhase section */
		C59F8DEE22C33CE0008E88FE /* Frameworks */ = {
			isa = PBXFrameworksBuildPhase;
			buildActionMask = 2147483647;
			files = (
			);
			runOnlyForDeploymentPostprocessing = 0;
		};
		C59F8E0222C33CE2008E88FE /* Frameworks */ = {
			isa = PBXFrameworksBuildPhase;
			buildActionMask = 2147483647;
			files = (
			);
			runOnlyForDeploymentPostprocessing = 0;
		};
		C59F8E0D22C33CE2008E88FE /* Frameworks */ = {
			isa = PBXFrameworksBuildPhase;
			buildActionMask = 2147483647;
			files = (
			);
			runOnlyForDeploymentPostprocessing = 0;
		};
/* End PBXFrameworksBuildPhase section */

/* Begin PBXGroup section */
		C59F8DE822C33CE0008E88FE = {
			isa = PBXGroup;
			children = (
				C59F8DF322C33CE0008E88FE /* ios-test-app */,
				C59F8E0822C33CE2008E88FE /* ios-test-appTests */,
				C59F8E1322C33CE2008E88FE /* ios-test-appUITests */,
				C59F8DF222C33CE0008E88FE /* Products */,
			);
			sourceTree = "<group>";
		};
		C59F8DF222C33CE0008E88FE /* Products */ = {
			isa = PBXGroup;
			children = (
				C59F8DF122C33CE0008E88FE /* ios-test-app.app */,
				C59F8E0522C33CE2008E88FE /* ios-test-appTests.xctest */,
				C59F8E1022C33CE2008E88FE /* ios-test-appUITests.xctest */,
			);
			name = Products;
			sourceTree = "<group>";
		};
		C59F8DF322C33CE0008E88FE /* ios-test-app */ = {
			isa = PBXGroup;
			children = (
				C59F8DF422C33CE0008E88FE /* AppDelegate.swift */,
				C59F8DF622C33CE0008E88FE /* ViewController.swift */,
				C59F8DF822C33CE0008E88FE /* Main.storyboard */,
				C59F8DFB22C33CE2008E88FE /* Assets.xcassets */,
				C59F8DFD22C33CE2008E88FE /* LaunchScreen.storyboard */,
				C59F8E0022C33CE2008E88FE /* Info.plist */,
			);
			path = "ios-test-app";
			sourceTree = "<group>";
		};
		C59F8E0822C33CE2008E88FE /* ios-test-appTests */ = {
			isa = PBXGroup;
			children = (
				C59F8E0922C33CE2008E88FE /* ios_test_appTests.swift */,
				C59F8E0B22C33CE2008E88FE /* Info.plist */,
			);
			path = "ios-test-appTests";
			sourceTree = "<group>";
		};
		C59F8E1322C33CE2008E88FE /* ios-test-appUITests */ = {
			isa = PBXGroup;
			children = (
				C59F8E1422C33CE2008E88FE /* ios_test_appUITests.swift */,
				C59F8E1622C33CE2008E88FE /* Info.plist */,
			);
			path = "ios-test-appUITests";
			sourceTree = "<group>";
		};
/* End PBXGroup section */

/* Begin PBXNativeTarget section */
		C59F8DF022C33CE0008E88FE /* ios-test-app */ = {
			isa = PBXNativeTarget;
			buildConfigurationList = C59F8E1922C33CE2008E88FE /* Build configuration list for PBXNativeTarget "ios-test-app" */;
			buildPhases = (
				C59F8DED22C33CE0008E88FE /* Sources */,
				C59F8DEE22C33CE0008E88FE /* Frameworks */,
				C59F8DEF22C33CE0008E88FE /* Resources */,
			);
			buildRules = (
			);
			dependencies = (
			);
			name = "ios-test-app";
			productName = "ios-test-app";
			productReference = C59F8DF122C33CE0008E88FE /* ios-test-app.app */;
			productType = "com.apple.product-type.application";
		};
		C59F8E0422C33CE2008E88FE /* ios-test-appTests */ = {
			isa = PBXNativeTarget;
			buildConfigurationList = C59F8E1C22C33CE2008E88FE /* Build configuration list for PBXNativeTarget "ios-test-appTests" */;
			buildPhases = (
				C59F8E0122C33CE2008E88FE /* Sources */,
				C59F8E0222C33CE2008E88FE /* Frameworks */,
				C59F8E0322C33CE2008E88FE /* Resources */,
			);
			buildRules = (
			);
			dependencies = (
				C59F8E0722C33CE2008E88FE /* PBXTargetDependency */,
			);
			name = "ios-test-appTests";
			productName = "ios-test-appTests";
			productReference = C59F8E0522C33CE2008E88FE /* ios-test-appTests.xctest */;
			productType = "com.apple.product-type.bundle.unit-test";
		};
		C59F8E0F22C33CE2008E88FE /* ios-test-appUITests */ = {
			isa = PBXNativeTarget;
			buildConfigurationList = C59F8E1F22C33CE2008E88FE /* Build configuration list for PBXNativeTarget "ios-test-appUITests" */;
			buildPhases = (
				C59F8E0C22C33CE2008E88FE /* Sources */,
				C59F8E0D22C33CE2008E88FE /* Frameworks */,
				C59F8E0E22C33CE2008E88FE /* Resources */,
			);
			buildRules = (
			);
			dependencies = (
				C59F8E1222C33CE2008E88FE /* PBXTargetDependency */,
			);
			name = "ios-test-appUITests";
			productName = "ios-test-appUITests";
			productReference = C59F8E1022C33CE2008E88FE /* ios-test-appUITests.xctest */;
			productType = "com.apple.product-type.bundle.ui-testing";
		};
/* End PBXNativeTarget section */

/* Begin PBXProject section */
		C59F8DE922C33CE0008E88FE /* Project object */ = {
			isa = PBXProject;
			attributes = {
				LastSwiftUpdateCheck = 1020;
				LastUpgradeCheck = 1020;
				ORGANIZATIONNAME = Zomato;
				TargetAttributes = {
					C59F8DF022C33CE0008E88FE = {
						CreatedOnToolsVersion = 10.2.1;
					};
					C59F8E0422C33CE2008E88FE = {
						CreatedOnToolsVersion = 10.2.1;
						TestTargetID = C59F8DF022C33CE0008E88FE;
					};
					C59F8E0F22C33CE2008E88FE = {
						CreatedOnToolsVersion = 10.2.1;
						TestTargetID = C59F8DF022C33CE0008E88FE;
					};
				};
			};
			buildConfigurationList = C59F8DEC22C33CE0008E88FE /* Build configuration list for PBXProject "ios-test-app" */;
			compatibilityVersion = "Xcode 9.3";
			developmentRegion = en;
			hasScannedForEncodings = 0;
			knownRegions = (
				en,
				Base,
			);
			mainGroup = C59F8DE822C33CE0008E88FE;
			productRefGroup = C59F8DF222C33CE0008E88FE /* Products */;
			projectDirPath = "";
			projectRoot = "";
			targets = (
				C59F8DF022C33CE0008E88FE /* ios-test-app */,
				C59F8E0422C33CE2008E88FE /* ios-test-appTests */,
				C59F8E0F22C33CE2008E88FE /* ios-test-appUITests */,
			);
		};
/* End PBXProject section */

/* Begin PBXResourcesBuildPhase section */
		C59F8DEF22C33CE0008E88FE /* Resources */ = {
			isa = PBXResourcesBuildPhase;
			buildActionMask = 2147483647;
			files = (
				C59F8DFF22C33CE2008E88FE /* LaunchScreen.storyboard in Resources */,
				C59F8DFC22C33CE2008E88FE /* Assets.xcassets in Resources */,
				C59F8DFA22C33CE0008E88FE /* Main.storyboard in Resources */,
			);
			runOnlyForDeploymentPostprocessing = 0;
		};
		C59F8E0322C33CE2008E88FE /* Resources */ = {
			isa = PBXResourcesBuildPhase;
			buildActionMask = 2147483647;
			files = (
			);
			runOnlyForDeploymentPostprocessing = 0;
		};
		C59F8E0E22C33CE2008E88FE /* Resources */ = {
			isa = PBXResourcesBuildPhase;
			buildActionMask = 2147483647;
			files = (
			);
			runOnlyForDeploymentPostprocessing = 0;
		};
/* End PBXResourcesBuildPhase section */

/* Begin PBXSourcesBuildPhase section */
		C59F8DED22C33CE0008E88FE /* Sources */ = {
			isa = PBXSourcesBuildPhase;
			buildActionMask = 2147483647;
			files = (
				C59F8DF722C33CE0008E88FE /* ViewController.swift in Sources */,
				C59F8DF522C33CE0008E88FE /* AppDelegate.swift in Sources */,
			);
			runOnlyForDeploymentPostprocessing = 0;
		};
		C59F8E0122C33CE2008E88FE /* Sources */ = {
			isa = PBXSourcesBuildPhase;
			buildActionMask = 2147483647;
			files = (
				C59F8E0A22C33CE2008E88FE /* ios_test_appTests.swift in Sources */,
			);
			runOnlyForDeploymentPostprocessing = 0;
		};
		C59F8E0C22C33CE2008E88FE /* Sources */ = {
			isa = PBXSourcesBuildPhase;
			buildActionMask = 2147483647;
			files = (
				C59F8E1522C33CE2008E88FE /* ios_test_appUITests.swift in Sources */,
			);
			runOnlyForDeploymentPostprocessing = 0;
		};
/* End PBXSourcesBuildPhase section */

/* Begin PBXTargetDependency section */
		C59F8E0722C33CE2008E88FE /* PBXTargetDependency */ = {
			isa = PBXTargetDependency;
			target = C59F8DF022C33CE0008E88FE /* ios-test-app */;
			targetProxy = C59F8E0622C33CE2008E88FE /* PBXContainerItemProxy */;
		};
		C59F8E1222C33CE2008E88FE /* PBXTargetDependency */ = {
			isa = PBXTargetDependency;
			target = C59F8DF022C33CE0008E88FE /* ios-test-app */;
			targetProxy = C59F8E1122C33CE2008E88FE /* PBXContainerItemProxy */;
		};
/* End PBXTargetDependency section */

/* Begin PBXVariantGroup section */
		C59F8DF822C33CE0008E88FE /* Main.storyboard */ = {
			isa = PBXVariantGroup;
			children = (
				C59F8DF922C33CE0008E88FE /* Base */,
			);
			name = Main.storyboard;
			sourceTree = "<group>";
		};
		C59F8DFD22C33CE2008E88FE /* LaunchScreen.storyboard */ = {
			isa = PBXVariantGroup;
			children = (
				C59F8DFE22C33CE2008E88FE /* Base */,
			);
			name = LaunchScreen.storyboard;
			sourceTree = "<group>";
		};
/* End PBXVariantGroup section */

/* Begin XCBuildConfiguration section */
		C59F8E1722C33CE2008E88FE /* Debug */ = {
			isa = XCBuildConfiguration;
			buildSettings = {
				ALWAYS_SEARCH_USER_PATHS = NO;
				CLANG_ANALYZER_NONNULL = YES;
				CLANG_ANALYZER_NUMBER_OBJECT_CONVERSION = YES_AGGRESSIVE;
				CLANG_CXX_LANGUAGE_STANDARD = "gnu++14";
				CLANG_CXX_LIBRARY = "libc++";
				CLANG_ENABLE_MODULES = YES;
				CLANG_ENABLE_OBJC_ARC = YES;
				CLANG_ENABLE_OBJC_WEAK = YES;
				CLANG_WARN_BLOCK_CAPTURE_AUTORELEASING = YES;
				CLANG_WARN_BOOL_CONVERSION = YES;
				CLANG_WARN_COMMA = YES;
				CLANG_WARN_CONSTANT_CONVERSION = YES;
				CLANG_WARN_DEPRECATED_OBJC_IMPLEMENTATIONS = YES;
				CLANG_WARN_DIRECT_OBJC_ISA_USAGE = YES_ERROR;
				CLANG_WARN_DOCUMENTATION_COMMENTS = YES;
				CLANG_WARN_EMPTY_BODY = YES;
				CLANG_WARN_ENUM_CONVERSION = YES;
				CLANG_WARN_INFINITE_RECURSION = YES;
				CLANG_WARN_INT_CONVERSION = YES;
				CLANG_WARN_NON_LITERAL_NULL_CONVERSION = YES;
				CLANG_WARN_OBJC_IMPLICIT_RETAIN_SELF = YES;
				CLANG_WARN_OBJC_LITERAL_CONVERSION = YES;
				CLANG_WARN_OBJC_ROOT_CLASS = YES_ERROR;
				CLANG_WARN_RANGE_LOOP_ANALYSIS = YES;
				CLANG_WARN_STRICT_PROTOTYPES = YES;
				CLANG_WARN_SUSPICIOUS_MOVE = YES;
				CLANG_WARN_UNGUARDED_AVAILABILITY = YES_AGGRESSIVE;
				CLANG_WARN_UNREACHABLE_CODE = YES;
				CLANG_WARN__DUPLICATE_METHOD_MATCH = YES;
				CODE_SIGN_IDENTITY = "iPhone Developer";
				COPY_PHASE_STRIP = NO;
				DEBUG_INFORMATION_FORMAT = dwarf;
				ENABLE_STRICT_OBJC_MSGSEND = YES;
				ENABLE_TESTABILITY = YES;
				GCC_C_LANGUAGE_STANDARD = gnu11;
				GCC_DYNAMIC_NO_PIC = NO;
				GCC_NO_COMMON_BLOCKS = YES;
				GCC_OPTIMIZATION_LEVEL = 0;
				GCC_PREPROCESSOR_DEFINITIONS = (
					"DEBUG=1",
					"$(inherited)",
				);
				GCC_WARN_64_TO_32_BIT_CONVERSION = YES;
				GCC_WARN_ABOUT_RETURN_TYPE = YES_ERROR;
				GCC_WARN_UNDECLARED_SELECTOR = YES;
				GCC_WARN_UNINITIALIZED_AUTOS = YES_AGGRESSIVE;
				GCC_WARN_UNUSED_FUNCTION = YES;
				GCC_WARN_UNUSED_VARIABLE = YES;
				IPHONEOS_DEPLOYMENT_TARGET = 12.2;
				MTL_ENABLE_DEBUG_INFO = INCLUDE_SOURCE;
				MTL_FAST_MATH = YES;
				ONLY_ACTIVE_ARCH = YES;
				SDKROOT = iphoneos;
				SWIFT_ACTIVE_COMPILATION_CONDITIONS = DEBUG;
				SWIFT_OPTIMIZATION_LEVEL = "-Onone";
			};
			name = Debug;
		};
		C59F8E1822C33CE2008E88FE /* Release */ = {
			isa = XCBuildConfiguration;
			buildSettings = {
				ALWAYS_SEARCH_USER_PATHS = NO;
				CLANG_ANALYZER_NONNULL = YES;
				CLANG_ANALYZER_NUMBER_OBJECT_CONVERSION = YES_AGGRESSIVE;
				CLANG_CXX_LANGUAGE_STANDARD = "gnu++14";
				CLANG_CXX_LIBRARY = "libc++";
				CLANG_ENABLE_MODULES = YES;
				CLANG_ENABLE_OBJC_ARC = YES;
				CLANG_ENABLE_OBJC_WEAK = YES;
				CLANG_WARN_BLOCK_CAPTURE_AUTORELEASING = YES;
				CLANG_WARN_BOOL_CONVERSION = YES;
				CLANG_WARN_COMMA = YES;
				CLANG_WARN_CONSTANT_CONVERSION = YES;
				CLANG_WARN_DEPRECATED_OBJC_IMPLEMENTATIONS = YES;
				CLANG_WARN_DIRECT_OBJC_ISA_USAGE = YES_ERROR;
				CLANG_WARN_DOCUMENTATION_COMMENTS = YES;
				CLANG_WARN_EMPTY_BODY = YES;
				CLANG_WARN_ENUM_CONVERSION = YES;
				CLANG_WARN_INFINITE_RECURSION = YES;
				CLANG_WARN_INT_CONVERSION = YES;
				CLANG_WARN_NON_LITERAL_NULL_CONVERSION = YES;
				CLANG_WARN_OBJC_IMPLICIT_RETAIN_SELF = YES;
				CLANG_WARN_OBJC_LITERAL_CONVERSION = YES;
				CLANG_WARN_OBJC_ROOT_CLASS = YES_ERROR;
				CLANG_WARN_RANGE_LOOP_ANALYSIS = YES;
				CLANG_WARN_STRICT_PROTOTYPES = YES;
				CLANG_WARN_SUSPICIOUS_MOVE = YES;
				CLANG_WARN_UNGUARDED_AVAILABILITY = YES_AGGRESSIVE;
				CLANG_WARN_UNREACHABLE_CODE = YES;
				CLANG_WARN__DUPLICATE_METHOD_MATCH = YES;
				CODE_SIGN_IDENTITY = "iPhone Developer";
				COPY_PHASE_STRIP = NO;
				DEBUG_INFORMATION_FORMAT = "dwarf-with-dsym";
				ENABLE_NS_ASSERTIONS = NO;
				ENABLE_STRICT_OBJC_MSGSEND = YES;
				GCC_C_LANGUAGE_STANDARD = gnu11;
				GCC_NO_COMMON_BLOCKS = YES;
				GCC_WARN_64_TO_32_BIT_CONVERSION = YES;
				GCC_WARN_ABOUT_RETURN_TYPE = YES_ERROR;
				GCC_WARN_UNDECLARED_SELECTOR = YES;
				GCC_WARN_UNINITIALIZED_AUTOS = YES_AGGRESSIVE;
				GCC_WARN_UNUSED_FUNCTION = YES;
				GCC_WARN_UNUSED_VARIABLE = YES;
				IPHONEOS_DEPLOYMENT_TARGET = 12.2;
				MTL_ENABLE_DEBUG_INFO = NO;
				MTL_FAST_MATH = YES;
				SDKROOT = iphoneos;
				SWIFT_COMPILATION_MODE = wholemodule;
				SWIFT_OPTIMIZATION_LEVEL = "-O";
				VALIDATE_PRODUCT = YES;
			};
			name = Release;
		};
		C59F8E1A22C33CE2008E88FE /* Debug */ = {
			isa = XCBuildConfiguration;
			buildSettings = {
				ASSETCATALOG_COMPILER_APPICON_NAME = AppIcon;
				CODE_SIGN_STYLE = Automatic;
				INFOPLIST_FILE = "ios-test-app/Info.plist";
				LD_RUNPATH_SEARCH_PATHS = (
					"$(inherited)",
					"@executable_path/Frameworks",
				);
				PRODUCT_BUNDLE_IDENTIFIER = "com.zomato.ios-test-app";
				PRODUCT_NAME = "$(TARGET_NAME)";
				SWIFT_VERSION = 5.0;
				TARGETED_DEVICE_FAMILY = "1,2";
			};
			name = Debug;
		};
		C59F8E1B22C33CE2008E88FE /* Release */ = {
			isa = XCBuildConfiguration;
			buildSettings = {
				ASSETCATALOG_COMPILER_APPICON_NAME = AppIcon;
				CODE_SIGN_STYLE = Automatic;
				INFOPLIST_FILE = "ios-test-app/Info.plist";
				LD_RUNPATH_SEARCH_PATHS = (
					"$(inherited)",
					"@executable_path/Frameworks",
				);
				PRODUCT_BUNDLE_IDENTIFIER = "com.zomato.ios-test-app";
				PRODUCT_NAME = "$(TARGET_NAME)";
				SWIFT_VERSION = 5.0;
				TARGETED_DEVICE_FAMILY = "1,2";
			};
			name = Release;
		};
		C59F8E1D22C33CE2008E88FE /* Debug */ = {
			isa = XCBuildConfiguration;
			buildSettings = {
				ALWAYS_EMBED_SWIFT_STANDARD_LIBRARIES = YES;
				BUNDLE_LOADER = "$(TEST_HOST)";
				CODE_SIGN_STYLE = Automatic;
				INFOPLIST_FILE = "ios-test-appTests/Info.plist";
				LD_RUNPATH_SEARCH_PATHS = (
					"$(inherited)",
					"@executable_path/Frameworks",
					"@loader_path/Frameworks",
				);
				PRODUCT_BUNDLE_IDENTIFIER = "com.zomato.ios-test-appTests";
				PRODUCT_NAME = "$(TARGET_NAME)";
				SWIFT_VERSION = 5.0;
				TARGETED_DEVICE_FAMILY = "1,2";
				TEST_HOST = "$(BUILT_PRODUCTS_DIR)/ios-test-app.app/ios-test-app";
			};
			name = Debug;
		};
		C59F8E1E22C33CE2008E88FE /* Release */ = {
			isa = XCBuildConfiguration;
			buildSettings = {
				ALWAYS_EMBED_SWIFT_STANDARD_LIBRARIES = YES;
				BUNDLE_LOADER = "$(TEST_HOST)";
				CODE_SIGN_STYLE = Automatic;
				INFOPLIST_FILE = "ios-test-appTests/Info.plist";
				LD_RUNPATH_SEARCH_PATHS = (
					"$(inherited)",
					"@executable_path/Frameworks",
					"@loader_path/Frameworks",
				);
				PRODUCT_BUNDLE_IDENTIFIER = "com.zomato.ios-test-appTests";
				PRODUCT_NAME = "$(TARGET_NAME)";
				SWIFT_VERSION = 5.0;
				TARGETED_DEVICE_FAMILY = "1,2";
				TEST_HOST = "$(BUILT_PRODUCTS_DIR)/ios-test-app.app/ios-test-app";
			};
			name = Release;
		};
		C59F8E2022C33CE2008E88FE /* Debug */ = {
			isa = XCBuildConfiguration;
			buildSettings = {
				ALWAYS_EMBED_SWIFT_STANDARD_LIBRARIES = YES;
				CODE_SIGN_STYLE = Automatic;
				INFOPLIST_FILE = "ios-test-appUITests/Info.plist";
				LD_RUNPATH_SEARCH_PATHS = (
					"$(inherited)",
					"@executable_path/Frameworks",
					"@loader_path/Frameworks",
				);
				PRODUCT_BUNDLE_IDENTIFIER = "com.zomato.ios-test-appUITests";
				PRODUCT_NAME = "$(TARGET_NAME)";
				SWIFT_VERSION = 5.0;
				TARGETED_DEVICE_FAMILY = "1,2";
				TEST_TARGET_NAME = "ios-test-app";
			};
			name = Debug;
		};
		C59F8E2122C33CE2008E88FE /* Release */ = {
			isa = XCBuildConfiguration;
			buildSettings = {
				ALWAYS_EMBED_SWIFT_STANDARD_LIBRARIES = YES;
				CODE_SIGN_STYLE = Automatic;
				INFOPLIST_FILE = "ios-test-appUITests/Info.plist";
				LD_RUNPATH_SEARCH_PATHS = (
					"$(inherited)",
					"@executable_path/Frameworks",
					"@loader_path/Frameworks",
				);
				PRODUCT_BUNDLE_IDENTIFIER = "com.zomato.ios-test-appUITests";
				PRODUCT_NAME = "$(TARGET_NAME)";
				SWIFT_VERSION = 5.0;
				TARGETED_DEVICE_FAMILY = "1,2";
				TEST_TARGET_NAME = "ios-test-app";
			};
			name = Release;
		};
/* End XCBuildConfiguration section */

/* Begin XCConfigurationList section */
		C59F8DEC22C33CE0008E88FE /* Build configuration list for PBXProject "ios-test-app" */ = {
			isa = XCConfigurationList;
			buildConfigurations = (
				C59F8E1722C33CE2008E88FE /* Debug */,
				C59F8E1822C33CE2008E88FE /* Release */,
			);
			defaultConfigurationIsVisible = 0;
			defaultConfigurationName = Release;
		};
		C59F8E1922C33CE2008E88FE /* Build configuration list for PBXNativeTarget "ios-test-app" */ = {
			isa = XCConfigurationList;
			buildConfigurations = (
				C59F8E1A22C33CE2008E88FE /* Debug */,
				C59F8E1B22C33CE2008E88FE /* Release */,
			);
			defaultConfigurationIsVisible = 0;
			defaultConfigurationName = Release;
		};
		C59F8E1C22C33CE2008E88FE /* Build configuration list for PBXNativeTarget "ios-test-appTests" */ = {
			isa = XCConfigurationList;
			buildConfigurations = (
				C59F8E1D22C33CE2008E88FE /* Debug */,
				C59F8E1E22C33CE2008E88FE /* Release */,
			);
			defaultConfigurationIsVisible = 0;
			defaultConfigurationName = Release;
		};
		C59F8E1F22C33CE2008E88FE /* Build configuration list for PBXNativeTarget "ios-test-appUITests" */ = {
			isa = XCConfigurationList;
			buildConfigurations = (
				C59F8E2022C33CE2008E88FE /* Debug */,
				C59F8E2122C33CE2008E88FE /* Release */,
			);
			defaultConfigurationIsVisible = 0;
			defaultConfigurationName = Release;
		};
/* End XCConfigurationList section */
	};
	rootObject = C59F8DE922C33CE0008E88FE /* Project object */;
}
